{
  "name": "stimmapp",
  "lockfileVersion": 3,
  "requires": true,
  "packages": {
    "": {
      "dependencies": {
        "@revenuecat/purchases-js": "^1.24.1"
      }
    },
    "node_modules/@revenuecat/purchases-js": {
      "version": "1.47.3",
      "resolved": "https://registry.npmjs.org/@revenuecat/purchases-js/-/purchases-js-1.47.3.tgz",
      "integrity": "sha512-CfM1BWBILcDVNwoAXtgYsGlpOxY7dFqioaToBWiK4UfZa4fqphHAeOcq1JUpHWrkNv8m25srB7qSBsaT1GEWJQ==",
      "license": "MIT"
    }
  }
}
