{
  "name": "stimmapp",
  "lockfileVersion": 3,
  "requires": true,
  "packages": {
    "": {
      "dependencies": {
        "@revenuecat/purchases-js": "^1.24.1"
      }
    },
    "node_modules/@revenuecat/purchases-js": {
      "version": "1.64.0",
      "resolved": "https://registry.npmjs.org/@revenuecat/purchases-js/-/purchases-js-1.64.0.tgz",
      "integrity": "sha512-I//LB+toX+gv9vbOKGKfnavYhjWr3cw5yhq4XKt4ZRNRc3G9rk7z4bU71AJczZ0h/bXp6LW7Fj3YO6Y3S9/iaQ==",
      "license": "MIT"
    }
  }
}
