{
  "name": "stimmapp",
  "lockfileVersion": 3,
  "requires": true,
  "packages": {
    "": {
      "dependencies": {
        "@revenuecat/purchases-js": "^1.24.1"
      }
    },
    "node_modules/@revenuecat/purchases-js": {
      "version": "1.52.3",
      "resolved": "https://registry.npmjs.org/@revenuecat/purchases-js/-/purchases-js-1.52.3.tgz",
      "integrity": "sha512-ZU+mqdW7jsGTqYhtDmvDjcLzplvfh+jTspSKC0eMijxmFik0r/Wwq/CkD3o0QEqVRbVF0HkwEh2zZp6qdGR1Eg==",
      "license": "MIT"
    }
  }
}
